
Microsoft Visual Studio Solution File, Format Version 12.00
# Visual Studio Version 17
VisualStudioVersion = 17.14.37516.0 d17.14
MinimumVisualStudioVersion = 10.0.40219.1
Project("{FAE04EC0-301F-11D3-BF4B-00C04F79EFBC}") = "Back_DeliverySystem", "Back_DeliverySystem\Back_DeliverySystem.csproj", "{ACAC9AD1-4935-43F8-A97E-971E38003B44}"
EndProject
Global
	GlobalSection(SolutionConfigurationPlatforms) = preSolution
		Debug|Any CPU = Debug|Any CPU
		Release|Any CPU = Release|Any CPU
	EndGlobalSection
	GlobalSection(ProjectConfigurationPlatforms) = postSolution
		{ACAC9AD1-4935-43F8-A97E-971E38003B44}.Debug|Any CPU.ActiveCfg = Debug|Any CPU
		{ACAC9AD1-4935-43F8-A97E-971E38003B44}.Debug|Any CPU.Build.0 = Debug|Any CPU
		{ACAC9AD1-4935-43F8-A97E-971E38003B44}.Release|Any CPU.ActiveCfg = Release|Any CPU
		{ACAC9AD1-4935-43F8-A97E-971E38003B44}.Release|Any CPU.Build.0 = Release|Any CPU
	EndGlobalSection
	GlobalSection(SolutionProperties) = preSolution
		HideSolutionNode = FALSE
	EndGlobalSection
	GlobalSection(ExtensibilityGlobals) = postSolution
		SolutionGuid = {E7505778-1177-4AE7-9EF3-DA33D44A824B}
	EndGlobalSection
EndGlobal
